// !$*UTF8*$!
{
	archiveVersion = 1;
	classes = {
	};
	objectVersion = 55;
	objects = {

/* Begin PBXBuildFile section */
		B2425BEA2958A00300FCFBB7 /* GoogleService-Info.plist in Resources */ = {isa = PBXBuildFile; fileRef = B2425BE92958A00200FCFBB7 /* GoogleService-Info.plist */; };
		B294B5182955D5BE0014F52A /* AppDelegate.swift in Sources */ = {isa = PBXBuildFile; fileRef = B294B5172955D5BE0014F52A /* AppDelegate.swift */; };
		B294B51A2955D5BE0014F52A /* SceneDelegate.swift in Sources */ = {isa = PBXBuildFile; fileRef = B294B5192955D5BE0014F52A /* SceneDelegate.swift */; };
		B294B51C2955D5BE0014F52A /* ViewController.swift in Sources */ = {isa = PBXBuildFile; fileRef = B294B51B2955D5BE0014F52A /* ViewController.swift */; };
		B294B51F2955D5BE0014F52A /* Main.storyboard in Resources */ = {isa = PBXBuildFile; fileRef = B294B51D2955D5BE0014F52A /* Main.storyboard */; };
		B294B5212955D5BF0014F52A /* Assets.xcassets in Resources */ = {isa = PBXBuildFile; fileRef = B294B5202955D5BF0014F52A /* Assets.xcassets */; };
		B294B5242955D5BF0014F52A /* LaunchScreen.storyboard in Resources */ = {isa = PBXBuildFile; fileRef = B294B5222955D5BF0014F52A /* LaunchScreen.storyboard */; };
		D91594525E084CD257D0BF8D /* Pods_BodyMassIndex_App.framework in Frameworks */ = {isa = PBXBuildFile; fileRef = C80A83529CCC65E00715F1E8 /* Pods_BodyMassIndex_App.framework */; };
/* End PBXBuildFile section */

/* Begin PBXFileReference section */
		9067FD98FFB8F9C61BE062C8 /* Pods-BodyMassIndex_App.debug.xcconfig */ = {isa = PBXFileReference; includeInIndex = 1; lastKnownFileType = text.xcconfig; name = "Pods-BodyMassIndex_App.debug.xcconfig"; path = "Target Support Files/Pods-BodyMassIndex_App/Pods-BodyMassIndex_App.debug.xcconfig"; sourceTree = "<group>"; };
		91E6B4A87349FD7564D6E7CE /* Pods-BodyMassIndex_App.release.xcconfig */ = {isa = PBXFileReference; includeInIndex = 1; lastKnownFileType = text.xcconfig; name = "Pods-BodyMassIndex_App.release.xcconfig"; path = "Target Support Files/Pods-BodyMassIndex_App/Pods-BodyMassIndex_App.release.xcconfig"; sourceTree = "<group>"; };
		B2425BE92958A00200FCFBB7 /* GoogleService-Info.plist */ = {isa = PBXFileReference; fileEncoding = 4; lastKnownFileType = text.plist.xml; path = "GoogleService-Info.plist"; sourceTree = "<group>"; };
		B294B5142955D5BE0014F52A /* BodyMassIndex_App.app */ = {isa = PBXFileReference; explicitFileType = wrapper.application; includeInIndex = 0; path = BodyMassIndex_App.app; sourceTree = BUILT_PRODUCTS_DIR; };
		B294B5172955D5BE0014F52A /* AppDelegate.swift */ = {isa = PBXFileReference; lastKnownFileType = sourcecode.swift; path = AppDelegate.swift; sourceTree = "<group>"; };
		B294B5192955D5BE0014F52A /* SceneDelegate.swift */ = {isa = PBXFileReference; lastKnownFileType = sourcecode.swift; path = SceneDelegate.swift; sourceTree = "<group>"; };
		B294B51B2955D5BE0014F52A /* ViewController.swift */ = {isa = PBXFileReference; lastKnownFileType = sourcecode.swift; path = ViewController.swift; sourceTree = "<group>"; };
		B294B51E2955D5BE0014F52A /* Base */ = {isa = PBXFileReference; lastKnownFileType = file.storyboard; name = Base; path = Base.lproj/Main.storyboard; sourceTree = "<group>"; };
		B294B5202955D5BF0014F52A /* Assets.xcassets */ = {isa = PBXFileReference; lastKnownFileType = folder.assetcatalog; path = Assets.xcassets; sourceTree = "<group>"; };
		B294B5232955D5BF0014F52A /* Base */ = {isa = PBXFileReference; lastKnownFileType = file.storyboard; name = Base; path = Base.lproj/LaunchScreen.storyboard; sourceTree = "<group>"; };
		B294B5252955D5BF0014F52A /* Info.plist */ = {isa = PBXFileReference; lastKnownFileType = text.plist.xml; path = Info.plist; sourceTree = "<group>"; };
		C80A83529CCC65E00715F1E8 /* Pods_BodyMassIndex_App.framework */ = {isa = PBXFileReference; explicitFileType = wrapper.framework; includeInIndex = 0; path = Pods_BodyMassIndex_App.framework; sourceTree = BUILT_PRODUCTS_DIR; };
/* End PBXFileReference section */

/* Begin PBXFrameworksBuildPhase section */
		B294B5112955D5BE0014F52A /* Frameworks */ = {
			isa = PBXFrameworksBuildPhase;
			buildActionMask = 2147483647;
			files = (
				D91594525E084CD257D0BF8D /* Pods_BodyMassIndex_App.framework in Frameworks */,
			);
			runOnlyForDeploymentPostprocessing = 0;
		};
/* End PBXFrameworksBuildPhase section */

/* Begin PBXGroup section */
		0BD976278611E446D463B3BF /* Pods */ = {
			isa = PBXGroup;
			children = (
				9067FD98FFB8F9C61BE062C8 /* Pods-BodyMassIndex_App.debug.xcconfig */,
				91E6B4A87349FD7564D6E7CE /* Pods-BodyMassIndex_App.release.xcconfig */,
			);
			path = Pods;
			sourceTree = "<group>";
		};
		B294B50B2955D5BE0014F52A = {
			isa = PBXGroup;
			children = (
				B294B5162955D5BE0014F52A /* BodyMassIndex_App */,
				B294B5152955D5BE0014F52A /* Products */,
				0BD976278611E446D463B3BF /* Pods */,
				C2B12221DD9A6FB30166C64C /* Frameworks */,
			);
			sourceTree = "<group>";
		};
		B294B5152955D5BE0014F52A /* Products */ = {
			isa = PBXGroup;
			children = (
				B294B5142955D5BE0014F52A /* BodyMassIndex_App.app */,
			);
			name = Products;
			sourceTree = "<group>";
		};
		B294B5162955D5BE0014F52A /* BodyMassIndex_App */ = {
			isa = PBXGroup;
			children = (
				B2425BE92958A00200FCFBB7 /* GoogleService-Info.plist */,
				B294B5252955D5BF0014F52A /* Info.plist */,
				B294B5202955D5BF0014F52A /* Assets.xcassets */,
				B294B51D2955D5BE0014F52A /* Main.storyboard */,
				B294B5222955D5BF0014F52A /* LaunchScreen.storyboard */,
				B294B5172955D5BE0014F52A /* AppDelegate.swift */,
				B294B5192955D5BE0014F52A /* SceneDelegate.swift */,
				B294B51B2955D5BE0014F52A /* ViewController.swift */,
			);
			path = BodyMassIndex_App;
			sourceTree = "<group>";
		};
		C2B12221DD9A6FB30166C64C /* Frameworks */ = {
			isa = PBXGroup;
			children = (
				C80A83529CCC65E00715F1E8 /* Pods_BodyMassIndex_App.framework */,
			);
			name = Frameworks;
			sourceTree = "<group>";
		};
/* End PBXGroup section */

/* Begin PBXNativeTarget section */
		B294B5132955D5BE0014F52A /* BodyMassIndex_App */ = {
			isa = PBXNativeTarget;
			buildConfigurationList = B294B5282955D5BF0014F52A /* Build configuration list for PBXNativeTarget "BodyMassIndex_App" */;
			buildPhases = (
				ABA4E516EA49CBD738C691D7 /* [CP] Check Pods Manifest.lock */,
				B294B5102955D5BE0014F52A /* Sources */,
				B294B5112955D5BE0014F52A /* Frameworks */,
				B294B5122955D5BE0014F52A /* Resources */,
				FB656FD265428AC1CE849400 /* [CP] Embed Pods Frameworks */,
			);
			buildRules = (
			);
			dependencies = (
			);
			name = BodyMassIndex_App;
			productName = BodyMassIndex_App;
			productReference = B294B5142955D5BE0014F52A /* BodyMassIndex_App.app */;
			productType = "com.apple.product-type.application";
		};
/* End PBXNativeTarget section */

/* Begin PBXProject section */
		B294B50C2955D5BE0014F52A /* Project object */ = {
			isa = PBXProject;
			attributes = {
				BuildIndependentTargetsInParallel = 1;
				LastSwiftUpdateCheck = 1340;
				LastUpgradeCheck = 1340;
				TargetAttributes = {
					B294B5132955D5BE0014F52A = {
						CreatedOnToolsVersion = 13.4;
					};
				};
			};
			buildConfigurationList = B294B50F2955D5BE0014F52A /* Build configuration list for PBXProject "BodyMassIndex_App" */;
			compatibilityVersion = "Xcode 13.0";
			developmentRegion = en;
			hasScannedForEncodings = 0;
			knownRegions = (
				en,
				Base,
			);
			mainGroup = B294B50B2955D5BE0014F52A;
			productRefGroup = B294B5152955D5BE0014F52A /* Products */;
			projectDirPath = "";
			projectRoot = "";
			targets = (
				B294B5132955D5BE0014F52A /* BodyMassIndex_App */,
			);
		};
/* End PBXProject section */

/* Begin PBXResourcesBuildPhase section */
		B294B5122955D5BE0014F52A /* Resources */ = {
			isa = PBXResourcesBuildPhase;
			buildActionMask = 2147483647;
			files = (
				B294B5242955D5BF0014F52A /* LaunchScreen.storyboard in Resources */,
				B2425BEA2958A00300FCFBB7 /* GoogleService-Info.plist in Resources */,
				B294B5212955D5BF0014F52A /* Assets.xcassets in Resources */,
				B294B51F2955D5BE0014F52A /* Main.storyboard in Resources */,
			);
			runOnlyForDeploymentPostprocessing = 0;
		};
/* End PBXResourcesBuildPhase section */

/* Begin PBXShellScriptBuildPhase section */
		ABA4E516EA49CBD738C691D7 /* [CP] Check Pods Manifest.lock */ = {
			isa = PBXShellScriptBuildPhase;
			buildActionMask = 2147483647;
			files = (
			);
			inputFileListPaths = (
			);
			inputPaths = (
				"${PODS_PODFILE_DIR_PATH}/Podfile.lock",
				"${PODS_ROOT}/Manifest.lock",
			);
			name = "[CP] Check Pods Manifest.lock";
			outputFileListPaths = (
			);
			outputPaths = (
				"$(DERIVED_FILE_DIR)/Pods-BodyMassIndex_App-checkManifestLockResult.txt",
			);
			runOnlyForDeploymentPostprocessing = 0;
			shellPath = /bin/sh;
			shellScript = "diff \"${PODS_PODFILE_DIR_PATH}/Podfile.lock\" \"${PODS_ROOT}/Manifest.lock\" > /dev/null\nif [ $? != 0 ] ; then\n    # print error to STDERR\n    echo \"error: The sandbox is not in sync with the Podfile.lock. Run 'pod install' or update your CocoaPods installation.\" >&2\n    exit 1\nfi\n# This output is used by Xcode 'outputs' to avoid re-running this script phase.\necho \"SUCCESS\" > \"${SCRIPT_OUTPUT_FILE_0}\"\n";
			showEnvVarsInLog = 0;
		};
		FB656FD265428AC1CE849400 /* [CP] Embed Pods Frameworks */ = {
			isa = PBXShellScriptBuildPhase;
			buildActionMask = 2147483647;
			files = (
			);
			inputFileListPaths = (
				"${PODS_ROOT}/Target Support Files/Pods-BodyMassIndex_App/Pods-BodyMassIndex_App-frameworks-${CONFIGURATION}-input-files.xcfilelist",
			);
			name = "[CP] Embed Pods Frameworks";
			outputFileListPaths = (
				"${PODS_ROOT}/Target Support Files/Pods-BodyMassIndex_App/Pods-BodyMassIndex_App-frameworks-${CONFIGURATION}-output-files.xcfilelist",
			);
			runOnlyForDeploymentPostprocessing = 0;
			shellPath = /bin/sh;
			shellScript = "\"${PODS_ROOT}/Target Support Files/Pods-BodyMassIndex_App/Pods-BodyMassIndex_App-frameworks.sh\"\n";
			showEnvVarsInLog = 0;
		};
/* End PBXShellScriptBuildPhase section */

/* Begin PBXSourcesBuildPhase section */
		B294B5102955D5BE0014F52A /* Sources */ = {
			isa = PBXSourcesBuildPhase;
			buildActionMask = 2147483647;
			files = (
				B294B51C2955D5BE0014F52A /* ViewController.swift in Sources */,
				B294B5182955D5BE0014F52A /* AppDelegate.swift in Sources */,
				B294B51A2955D5BE0014F52A /* SceneDelegate.swift in Sources */,
			);
			runOnlyForDeploymentPostprocessing = 0;
		};
/* End PBXSourcesBuildPhase section */

/* Begin PBXVariantGroup section */
		B294B51D2955D5BE0014F52A /* Main.storyboard */ = {
			isa = PBXVariantGroup;
			children = (
				B294B51E2955D5BE0014F52A /* Base */,
			);
			name = Main.storyboard;
			sourceTree = "<group>";
		};
		B294B5222955D5BF0014F52A /* LaunchScreen.storyboard */ = {
			isa = PBXVariantGroup;
			children = (
				B294B5232955D5BF0014F52A /* Base */,
			);
			name = LaunchScreen.storyboard;
			sourceTree = "<group>";
		};
/* End PBXVariantGroup section */

/* Begin XCBuildConfiguration section */
		B294B5262955D5BF0014F52A /* Debug */ = {
			isa = XCBuildConfiguration;
			buildSettings = {
				ALWAYS_SEARCH_USER_PATHS = NO;
				CLANG_ANALYZER_NONNULL = YES;
				CLANG_ANALYZER_NUMBER_OBJECT_CONVERSION = YES_AGGRESSIVE;
				CLANG_CXX_LANGUAGE_STANDARD = "gnu++17";
				CLANG_ENABLE_MODULES = YES;
				CLANG_ENABLE_OBJC_ARC = YES;
				CLANG_ENABLE_OBJC_WEAK = YES;
				CLANG_WARN_BLOCK_CAPTURE_AUTORELEASING = YES;
				CLANG_WARN_BOOL_CONVERSION = YES;
				CLANG_WARN_COMMA = YES;
				CLANG_WARN_CONSTANT_CONVERSION = YES;
				CLANG_WARN_DEPRECATED_OBJC_IMPLEMENTATIONS = YES;
				CLANG_WARN_DIRECT_OBJC_ISA_USAGE = YES_ERROR;
				CLANG_WARN_DOCUMENTATION_COMMENTS = YES;
				CLANG_WARN_EMPTY_BODY = YES;
				CLANG_WARN_ENUM_CONVERSION = YES;
				CLANG_WARN_INFINITE_RECURSION = YES;
				CLANG_WARN_INT_CONVERSION = YES;
				CLANG_WARN_NON_LITERAL_NULL_CONVERSION = YES;
				CLANG_WARN_OBJC_IMPLICIT_RETAIN_SELF = YES;
				CLANG_WARN_OBJC_LITERAL_CONVERSION = YES;
				CLANG_WARN_OBJC_ROOT_CLASS = YES_ERROR;
				CLANG_WARN_QUOTED_INCLUDE_IN_FRAMEWORK_HEADER = YES;
				CLANG_WARN_RANGE_LOOP_ANALYSIS = YES;
				CLANG_WARN_STRICT_PROTOTYPES = YES;
				CLANG_WARN_SUSPICIOUS_MOVE = YES;
				CLANG_WARN_UNGUARDED_AVAILABILITY = YES_AGGRESSIVE;
				CLANG_WARN_UNREACHABLE_CODE = YES;
				CLANG_WARN__DUPLICATE_METHOD_MATCH = YES;
				COPY_PHASE_STRIP = NO;
				DEBUG_INFORMATION_FORMAT = dwarf;
				ENABLE_STRICT_OBJC_MSGSEND = YES;
				ENABLE_TESTABILITY = YES;
				GCC_C_LANGUAGE_STANDARD = gnu11;
				GCC_DYNAMIC_NO_PIC = NO;
				GCC_NO_COMMON_BLOCKS = YES;
				GCC_OPTIMIZATION_LEVEL = 0;
				GCC_PREPROCESSOR_DEFINITIONS = (
					"DEBUG=1",
					"$(inherited)",
				);
				GCC_WARN_64_TO_32_BIT_CONVERSION = YES;
				GCC_WARN_ABOUT_RETURN_TYPE = YES_ERROR;
				GCC_WARN_UNDECLARED_SELECTOR = YES;
				GCC_WARN_UNINITIALIZED_AUTOS = YES_AGGRESSIVE;
				GCC_WARN_UNUSED_FUNCTION = YES;
				GCC_WARN_UNUSED_VARIABLE = YES;
				IPHONEOS_DEPLOYMENT_TARGET = 15.5;
				MTL_ENABLE_DEBUG_INFO = INCLUDE_SOURCE;
				MTL_FAST_MATH = YES;
				ONLY_ACTIVE_ARCH = YES;
				SDKROOT = iphoneos;
				SWIFT_ACTIVE_COMPILATION_CONDITIONS = DEBUG;
				SWIFT_OPTIMIZATION_LEVEL = "-Onone";
			};
			name = Debug;
		};
		B294B5272955D5BF0014F52A /* Release */ = {
			isa = XCBuildConfiguration;
			buildSettings = {
				ALWAYS_SEARCH_USER_PATHS = NO;
				CLANG_ANALYZER_NONNULL = YES;
				CLANG_ANALYZER_NUMBER_OBJECT_CONVERSION = YES_AGGRESSIVE;
				CLANG_CXX_LANGUAGE_STANDARD = "gnu++17";
				CLANG_ENABLE_MODULES = YES;
				CLANG_ENABLE_OBJC_ARC = YES;
				CLANG_ENABLE_OBJC_WEAK = YES;
				CLANG_WARN_BLOCK_CAPTURE_AUTORELEASING = YES;
				CLANG_WARN_BOOL_CONVERSION = YES;
				CLANG_WARN_COMMA = YES;
				CLANG_WARN_CONSTANT_CONVERSION = YES;
				CLANG_WARN_DEPRECATED_OBJC_IMPLEMENTATIONS = YES;
				CLANG_WARN_DIRECT_OBJC_ISA_USAGE = YES_ERROR;
				CLANG_WARN_DOCUMENTATION_COMMENTS = YES;
				CLANG_WARN_EMPTY_BODY = YES;
				CLANG_WARN_ENUM_CONVERSION = YES;
				CLANG_WARN_INFINITE_RECURSION = YES;
				CLANG_WARN_INT_CONVERSION = YES;
				CLANG_WARN_NON_LITERAL_NULL_CONVERSION = YES;
				CLANG_WARN_OBJC_IMPLICIT_RETAIN_SELF = YES;
				CLANG_WARN_OBJC_LITERAL_CONVERSION = YES;
				CLANG_WARN_OBJC_ROOT_CLASS = YES_ERROR;
				CLANG_WARN_QUOTED_INCLUDE_IN_FRAMEWORK_HEADER = YES;
				CLANG_WARN_RANGE_LOOP_ANALYSIS = YES;
				CLANG_WARN_STRICT_PROTOTYPES = YES;
				CLANG_WARN_SUSPICIOUS_MOVE = YES;
				CLANG_WARN_UNGUARDED_AVAILABILITY = YES_AGGRESSIVE;
				CLANG_WARN_UNREACHABLE_CODE = YES;
				CLANG_WARN__DUPLICATE_METHOD_MATCH = YES;
				COPY_PHASE_STRIP = NO;
				DEBUG_INFORMATION_FORMAT = "dwarf-with-dsym";
				ENABLE_NS_ASSERTIONS = NO;
				ENABLE_STRICT_OBJC_MSGSEND = YES;
				GCC_C_LANGUAGE_STANDARD = gnu11;
				GCC_NO_COMMON_BLOCKS = YES;
				GCC_WARN_64_TO_32_BIT_CONVERSION = YES;
				GCC_WARN_ABOUT_RETURN_TYPE = YES_ERROR;
				GCC_WARN_UNDECLARED_SELECTOR = YES;
				GCC_WARN_UNINITIALIZED_AUTOS = YES_AGGRESSIVE;
				GCC_WARN_UNUSED_FUNCTION = YES;
				GCC_WARN_UNUSED_VARIABLE = YES;
				IPHONEOS_DEPLOYMENT_TARGET = 15.5;
				MTL_ENABLE_DEBUG_INFO = NO;
				MTL_FAST_MATH = YES;
				SDKROOT = iphoneos;
				SWIFT_COMPILATION_MODE = wholemodule;
				SWIFT_OPTIMIZATION_LEVEL = "-O";
				VALIDATE_PRODUCT = YES;
			};
			name = Release;
		};
		B294B5292955D5BF0014F52A /* Debug */ = {
			isa = XCBuildConfiguration;
			baseConfigurationReference = 9067FD98FFB8F9C61BE062C8 /* Pods-BodyMassIndex_App.debug.xcconfig */;
			buildSettings = {
				ASSETCATALOG_COMPILER_APPICON_NAME = AppIcon;
				ASSETCATALOG_COMPILER_GLOBAL_ACCENT_COLOR_NAME = AccentColor;
				CODE_SIGN_STYLE = Automatic;
				CURRENT_PROJECT_VERSION = 1;
				DEVELOPMENT_TEAM = 655KNCTSA8;
				GENERATE_INFOPLIST_FILE = YES;
				INFOPLIST_FILE = BodyMassIndex_App/Info.plist;
				INFOPLIST_KEY_UIApplicationSupportsIndirectInputEvents = YES;
				INFOPLIST_KEY_UILaunchStoryboardName = LaunchScreen;
				INFOPLIST_KEY_UIMainStoryboardFile = Main;
				INFOPLIST_KEY_UISupportedInterfaceOrientations_iPad = "UIInterfaceOrientationPortrait UIInterfaceOrientationPortraitUpsideDown UIInterfaceOrientationLandscapeLeft UIInterfaceOrientationLandscapeRight";
				INFOPLIST_KEY_UISupportedInterfaceOrientations_iPhone = "UIInterfaceOrientationPortrait UIInterfaceOrientationLandscapeLeft UIInterfaceOrientationLandscapeRight";
				LD_RUNPATH_SEARCH_PATHS = (
					"$(inherited)",
					"@executable_path/Frameworks",
				);
				MARKETING_VERSION = 1.0;
				PRODUCT_BUNDLE_IDENTIFIER = "com.egemenkarakaya.BodyMassIndex-App";
				PRODUCT_NAME = "$(TARGET_NAME)";
				SWIFT_EMIT_LOC_STRINGS = YES;
				SWIFT_VERSION = 5.0;
				TARGETED_DEVICE_FAMILY = "1,2";
			};
			name = Debug;
		};
		B294B52A2955D5BF0014F52A /* Release */ = {
			isa = XCBuildConfiguration;
			baseConfigurationReference = 91E6B4A87349FD7564D6E7CE /* Pods-BodyMassIndex_App.release.xcconfig */;
			buildSettings = {
				ASSETCATALOG_COMPILER_APPICON_NAME = AppIcon;
				ASSETCATALOG_COMPILER_GLOBAL_ACCENT_COLOR_NAME = AccentColor;
				CODE_SIGN_STYLE = Automatic;
				CURRENT_PROJECT_VERSION = 1;
				DEVELOPMENT_TEAM = 655KNCTSA8;
				GENERATE_INFOPLIST_FILE = YES;
				INFOPLIST_FILE = BodyMassIndex_App/Info.plist;
				INFOPLIST_KEY_UIApplicationSupportsIndirectInputEvents = YES;
				INFOPLIST_KEY_UILaunchStoryboardName = LaunchScreen;
				INFOPLIST_KEY_UIMainStoryboardFile = Main;
				INFOPLIST_KEY_UISupportedInterfaceOrientations_iPad = "UIInterfaceOrientationPortrait UIInterfaceOrientationPortraitUpsideDown UIInterfaceOrientationLandscapeLeft UIInterfaceOrientationLandscapeRight";
				INFOPLIST_KEY_UISupportedInterfaceOrientations_iPhone = "UIInterfaceOrientationPortrait UIInterfaceOrientationLandscapeLeft UIInterfaceOrientationLandscapeRight";
				LD_RUNPATH_SEARCH_PATHS = (
					"$(inherited)",
					"@executable_path/Frameworks",
				);
				MARKETING_VERSION = 1.0;
				PRODUCT_BUNDLE_IDENTIFIER = "com.egemenkarakaya.BodyMassIndex-App";
				PRODUCT_NAME = "$(TARGET_NAME)";
				SWIFT_EMIT_LOC_STRINGS = YES;
				SWIFT_VERSION = 5.0;
				TARGETED_DEVICE_FAMILY = "1,2";
			};
			name = Release;
		};
/* End XCBuildConfiguration section */

/* Begin XCConfigurationList section */
		B294B50F2955D5BE0014F52A /* Build configuration list for PBXProject "BodyMassIndex_App" */ = {
			isa = XCConfigurationList;
			buildConfigurations = (
				B294B5262955D5BF0014F52A /* Debug */,
				B294B5272955D5BF0014F52A /* Release */,
			);
			defaultConfigurationIsVisible = 0;
			defaultConfigurationName = Release;
		};
		B294B5282955D5BF0014F52A /* Build configuration list for PBXNativeTarget "BodyMassIndex_App" */ = {
			isa = XCConfigurationList;
			buildConfigurations = (
				B294B5292955D5BF0014F52A /* Debug */,
				B294B52A2955D5BF0014F52A /* Release */,
			);
			defaultConfigurationIsVisible = 0;
			defaultConfigurationName = Release;
		};
/* End XCConfigurationList section */
	};
	rootObject = B294B50C2955D5BE0014F52A /* Project object */;
}
